
Microsoft Visual Studio Solution File, Format Version 12.00
# Visual Studio Version 17
VisualStudioVersion = 17.4.33122.133
MinimumVisualStudioVersion = 10.0.40219.1
Project("{FAE04EC0-301F-11D3-BF4B-00C04F79EFBC}") = "01. Unique Usernames", "01. Unique Usernames\01. Unique Usernames.csproj", "{DC0B3A2A-3E0A-46EC-A0D6-36EA55B78712}"
EndProject
Project("{FAE04EC0-301F-11D3-BF4B-00C04F79EFBC}") = "2. Sets Of Elements", "2. Sets Of Elements\2. Sets Of Elements.csproj", "{538D9AE3-BE95-4DE3-B020-258DD790C4FB}"
EndProject
Project("{FAE04EC0-301F-11D3-BF4B-00C04F79EFBC}") = "03. Periodic Table", "03. Periodic Table\03. Periodic Table.csproj", "{4E2A43C7-C13A-4AD5-92EC-705B90766531}"
EndProject
Project("{FAE04EC0-301F-11D3-BF4B-00C04F79EFBC}") = "04. Even Times", "04. Even Times\04. Even Times.csproj", "{62F597A2-D5F9-4196-B49F-3FC9D9915C2A}"
EndProject
Project("{FAE04EC0-301F-11D3-BF4B-00C04F79EFBC}") = "05. Count Symbols", "05. Count Symbols\05. Count Symbols.csproj", "{7BF56B46-F408-462C-A3B5-73BB24E90A02}"
EndProject
Project("{FAE04EC0-301F-11D3-BF4B-00C04F79EFBC}") = "06. Wardrobe", "06. Wardrobe\06. Wardrobe.csproj", "{DFFD9B64-49C4-41B8-AB18-DDC7B2634BE8}"
EndProject
Global
	GlobalSection(SolutionConfigurationPlatforms) = preSolution
		Debug|Any CPU = Debug|Any CPU
		Release|Any CPU = Release|Any CPU
	EndGlobalSection
	GlobalSection(ProjectConfigurationPlatforms) = postSolution
		{DC0B3A2A-3E0A-46EC-A0D6-36EA55B78712}.Debug|Any CPU.ActiveCfg = Debug|Any CPU
		{DC0B3A2A-3E0A-46EC-A0D6-36EA55B78712}.Debug|Any CPU.Build.0 = Debug|Any CPU
		{DC0B3A2A-3E0A-46EC-A0D6-36EA55B78712}.Release|Any CPU.ActiveCfg = Release|Any CPU
		{DC0B3A2A-3E0A-46EC-A0D6-36EA55B78712}.Release|Any CPU.Build.0 = Release|Any CPU
		{538D9AE3-BE95-4DE3-B020-258DD790C4FB}.Debug|Any CPU.ActiveCfg = Debug|Any CPU
		{538D9AE3-BE95-4DE3-B020-258DD790C4FB}.Debug|Any CPU.Build.0 = Debug|Any CPU
		{538D9AE3-BE95-4DE3-B020-258DD790C4FB}.Release|Any CPU.ActiveCfg = Release|Any CPU
		{538D9AE3-BE95-4DE3-B020-258DD790C4FB}.Release|Any CPU.Build.0 = Release|Any CPU
		{4E2A43C7-C13A-4AD5-92EC-705B90766531}.Debug|Any CPU.ActiveCfg = Debug|Any CPU
		{4E2A43C7-C13A-4AD5-92EC-705B90766531}.Debug|Any CPU.Build.0 = Debug|Any CPU
		{4E2A43C7-C13A-4AD5-92EC-705B90766531}.Release|Any CPU.ActiveCfg = Release|Any CPU
		{4E2A43C7-C13A-4AD5-92EC-705B90766531}.Release|Any CPU.Build.0 = Release|Any CPU
		{62F597A2-D5F9-4196-B49F-3FC9D9915C2A}.Debug|Any CPU.ActiveCfg = Debug|Any CPU
		{62F597A2-D5F9-4196-B49F-3FC9D9915C2A}.Debug|Any CPU.Build.0 = Debug|Any CPU
		{62F597A2-D5F9-4196-B49F-3FC9D9915C2A}.Release|Any CPU.ActiveCfg = Release|Any CPU
		{62F597A2-D5F9-4196-B49F-3FC9D9915C2A}.Release|Any CPU.Build.0 = Release|Any CPU
		{7BF56B46-F408-462C-A3B5-73BB24E90A02}.Debug|Any CPU.ActiveCfg = Debug|Any CPU
		{7BF56B46-F408-462C-A3B5-73BB24E90A02}.Debug|Any CPU.Build.0 = Debug|Any CPU
		{7BF56B46-F408-462C-A3B5-73BB24E90A02}.Release|Any CPU.ActiveCfg = Release|Any CPU
		{7BF56B46-F408-462C-A3B5-73BB24E90A02}.Release|Any CPU.Build.0 = Release|Any CPU
		{DFFD9B64-49C4-41B8-AB18-DDC7B2634BE8}.Debug|Any CPU.ActiveCfg = Debug|Any CPU
		{DFFD9B64-49C4-41B8-AB18-DDC7B2634BE8}.Debug|Any CPU.Build.0 = Debug|Any CPU
		{DFFD9B64-49C4-41B8-AB18-DDC7B2634BE8}.Release|Any CPU.ActiveCfg = Release|Any CPU
		{DFFD9B64-49C4-41B8-AB18-DDC7B2634BE8}.Release|Any CPU.Build.0 = Release|Any CPU
	EndGlobalSection
	GlobalSection(SolutionProperties) = preSolution
		HideSolutionNode = FALSE
	EndGlobalSection
	GlobalSection(ExtensibilityGlobals) = postSolution
		SolutionGuid = {75FE1B83-F52D-4C79-A009-263D101971BD}
	EndGlobalSection
EndGlobal
